{
	"name": "he",
	"version": "1.2.0",
	"lockfileVersion": 3,
	"requires": true,
	"packages": {
		"": {
			"name": "he",
			"version": "1.2.0",
			"license": "MIT",
			"bin": {
				"he": "bin/he.mjs"
			},
			"devDependencies": {
				"jsesc": "^3.1.0",
				"linkedom": "^0.18.13",
				"oxfmt": "^0.71.0",
				"regenerate": "^1.4.2"
			},
			"engines": {
				"node": ">=22"
			}
		},
		"node_modules/@oxfmt/binding-android-arm-eabi": {
			"version": "0.71.0",
			"resolved": "https://registry.npmjs.org/@oxfmt/binding-android-arm-eabi/-/binding-android-arm-eabi-0.71.0.tgz",
			"integrity": "sha512-l31EyBfB4egJeFua11aQFEUE9nnDtfpWCadqQovm0WL30t/yUHtdFl/5HyFXvd5xT8Ewh3U4TI9f30GowrQ1fw==",
			"cpu": [
				"arm"
			],
			"dev": true,
			"license": "MIT",
			"optional": true,
			"os": [
				"android"
			],
			"engines": {
				"node": "^20.19.0 || >=22.12.0"
			}
		},
		"node_modules/@oxfmt/binding-android-arm64": {
			"version": "0.71.0",
			"resolved": "https://registry.npmjs.org/@oxfmt/binding-android-arm64/-/binding-android-arm64-0.71.0.tgz",
			"integrity": "sha512-E8q39SUZzSXQ08oZoFoTkxRADkdBNgL6De4qgZYr2O4JCunwqrZwAyCebxIF3yVHBafHM30WUkhTkDi+jNYZOw==",
			"cpu": [
				"arm64"
			],
			"dev": true,
			"license": "MIT",
			"optional": true,
			"os": [
				"android"
			],
			"engines": {
				"node": "^20.19.0 || >=22.12.0"
			}
		},
		"node_modules/@oxfmt/binding-darwin-arm64": {
			"version": "0.71.0",
			"resolved": "https://registry.npmjs.org/@oxfmt/binding-darwin-arm64/-/binding-darwin-arm64-0.71.0.tgz",
			"integrity": "sha512-pTteTrN88DicrmJ3DocBmpNDa6Umfh0iveEG8rnAlDFQpclmtDS7hnIvZbIEV9mDO0Ot1U0sjtoJQ1itd/ZMhQ==",
			"cpu": [
				"arm64"
			],
			"dev": true,
			"license": "MIT",
			"optional": true,
			"os": [
				"darwin"
			],
			"engines": {
				"node": "^20.19.0 || >=22.12.0"
			}
		},
		"node_modules/@oxfmt/binding-darwin-x64": {
			"version": "0.71.0",
			"resolved": "https://registry.npmjs.org/@oxfmt/binding-darwin-x64/-/binding-darwin-x64-0.71.0.tgz",
			"integrity": "sha512-G5melRC3IiNEgXlNKJhSExJYQGAQIppHFp2cl/wFrqQcEwmc4k4TkrHaFTR29SDudjoW5AZq5cXPGJDqtlH/Yg==",
			"cpu": [
				"x64"
			],
			"dev": true,
			"license": "MIT",
			"optional": true,
			"os": [
				"darwin"
			],
			"engines": {
				"node": "^20.19.0 || >=22.12.0"
			}
		},
		"node_modules/@oxfmt/binding-freebsd-x64": {
			"version": "0.71.0",
			"resolved": "https://registry.npmjs.org/@oxfmt/binding-freebsd-x64/-/binding-freebsd-x64-0.71.0.tgz",
			"integrity": "sha512-Hb1P5yKb9aiH2VSbm3Ml37mKjzqpunYet9krw/YK7V5JsAUJDQlju3Yk/dEqQvJD/usBvpi01Vbk9ZDNo0a8Cw==",
			"cpu": [
				"x64"
			],
			"dev": true,
			"license": "MIT",
			"optional": true,
			"os": [
				"freebsd"
			],
			"engines": {
				"node": "^20.19.0 || >=22.12.0"
			}
		},
		"node_modules/@oxfmt/binding-linux-arm-gnueabihf": {
			"version": "0.71.0",
			"resolved": "https://registry.npmjs.org/@oxfmt/binding-linux-arm-gnueabihf/-/binding-linux-arm-gnueabihf-0.71.0.tgz",
			"integrity": "sha512-r7n4JEO+rkp0kaP3ia+0hv6FzK3PQIHqaF0jxGuhjJ4JHVX9ZVRbgpDVDW+OloyuJsRWpWFDKIHe8gfl1p/4mQ==",
			"cpu": [
				"arm"
			],
			"dev": true,
			"license": "MIT",
			"optional": true,
			"os": [
				"linux"
			],
			"engines": {
				"node": "^20.19.0 || >=22.12.0"
			}
		},
		"node_modules/@oxfmt/binding-linux-arm-musleabihf": {
			"version": "0.71.0",
			"resolved": "https://registry.npmjs.org/@oxfmt/binding-linux-arm-musleabihf/-/binding-linux-arm-musleabihf-0.71.0.tgz",
			"integrity": "sha512-EEynTF4nakgqDhVCmd3cHQCmTcw0BM8ea6eHigTdtZ3yxdsBNv+dYkt+OpDDZx1n/jzjI7J+Ht7IgkqFWuJUxQ==",
			"cpu": [
				"arm"
			],
			"dev": true,
			"license": "MIT",
			"optional": true,
			"os": [
				"linux"
			],
			"engines": {
				"node": "^20.19.0 || >=22.12.0"
			}
		},
		"node_modules/@oxfmt/binding-linux-arm64-gnu": {
			"version": "0.71.0",
			"resolved": "https://registry.npmjs.org/@oxfmt/binding-linux-arm64-gnu/-/binding-linux-arm64-gnu-0.71.0.tgz",
			"integrity": "sha512-7VgJIrywCwR/G6YMv+HqsccUt8Z4q4mbM2xR+Ry/6AeMk4pCmZ9aO4Srd3mmrvVu8PsCZGP7oHEHSXWTmyloaQ==",
			"cpu": [
				"arm64"
			],
			"dev": true,
			"license": "MIT",
			"optional": true,
			"os": [
				"linux"
			],
			"engines": {
				"node": "^20.19.0 || >=22.12.0"
			}
		},
		"node_modules/@oxfmt/binding-linux-arm64-musl": {
			"version": "0.71.0",
			"resolved": "https://registry.npmjs.org/@oxfmt/binding-linux-arm64-musl/-/binding-linux-arm64-musl-0.71.0.tgz",
			"integrity": "sha512-AOCaminv/+fhinUXKvtPZT4POhNYmN9GfvaJdgJa1AbvuzClWGwDIXfJg8eu3sYaVL2B68jNvmS7LZGAYa0z3A==",
			"cpu": [
				"arm64"
			],
			"dev": true,
			"license": "MIT",
			"optional": true,
			"os": [
				"linux"
			],
			"engines": {
				"node": "^20.19.0 || >=22.12.0"
			}
		},
		"node_modules/@oxfmt/binding-linux-ppc64-gnu": {
			"version": "0.71.0",
			"resolved": "https://registry.npmjs.org/@oxfmt/binding-linux-ppc64-gnu/-/binding-linux-ppc64-gnu-0.71.0.tgz",
			"integrity": "sha512-0SHxuaa4QRLM7jfsd8wc6L7KdLg+FR6/ah9k1eAvcrK/Sni7oxchMvsjwUsyakVAta+wBVDkjJTr7/RFU0uUGA==",
			"cpu": [
				"ppc64"
			],
			"dev": true,
			"license": "MIT",
			"optional": true,
			"os": [
				"linux"
			],
			"engines": {
				"node": "^20.19.0 || >=22.12.0"
			}
		},
		"node_modules/@oxfmt/binding-linux-riscv64-gnu": {
			"version": "0.71.0",
			"resolved": "https://registry.npmjs.org/@oxfmt/binding-linux-riscv64-gnu/-/binding-linux-riscv64-gnu-0.71.0.tgz",
			"integrity": "sha512-UNKj1+rPorTK6uSlQzpN96vDNbHbL/63zcpznweo0ImQdkDdtQCS7G3puxX++2cESPKT2B56Y6DICUmFTJde5A==",
			"cpu": [
				"riscv64"
			],
			"dev": true,
			"license": "MIT",
			"optional": true,
			"os": [
				"linux"
			],
			"engines": {
				"node": "^20.19.0 || >=22.12.0"
			}
		},
		"node_modules/@oxfmt/binding-linux-riscv64-musl": {
			"version": "0.71.0",
			"resolved": "https://registry.npmjs.org/@oxfmt/binding-linux-riscv64-musl/-/binding-linux-riscv64-musl-0.71.0.tgz",
			"integrity": "sha512-5cVXKj7a0mWu7GU6/bZgNyv+KtLgM5S9cnT26Os2/abj8pK/bklHsbdYEHGLLniGjNYkyzwem8mZciPCaDtilw==",
			"cpu": [
				"riscv64"
			],
			"dev": true,
			"license": "MIT",
			"optional": true,
			"os": [
				"linux"
			],
			"engines": {
				"node": "^20.19.0 || >=22.12.0"
			}
		},
		"node_modules/@oxfmt/binding-linux-s390x-gnu": {
			"version": "0.71.0",
			"resolved": "https://registry.npmjs.org/@oxfmt/binding-linux-s390x-gnu/-/binding-linux-s390x-gnu-0.71.0.tgz",
			"integrity": "sha512-lNpcMuZvyU1V/CY5h19hac03m4E4PLSYRckcxZOynSPojI4Mwt6nEu9wT/gVf0bclH3xGEWjwqApnSTgjkd2oA==",
			"cpu": [
				"s390x"
			],
			"dev": true,
			"license": "MIT",
			"optional": true,
			"os": [
				"linux"
			],
			"engines": {
				"node": "^20.19.0 || >=22.12.0"
			}
		},
		"node_modules/@oxfmt/binding-linux-x64-gnu": {
			"version": "0.71.0",
			"resolved": "https://registry.npmjs.org/@oxfmt/binding-linux-x64-gnu/-/binding-linux-x64-gnu-0.71.0.tgz",
			"integrity": "sha512-5/Z6pUewQpknXqC4/ykK6Zc6RiteAnPem1Ci7K1RZLVF6w6MMjwHjR4vsjijW4Czidgv7HKeVglGjElADliT9w==",
			"cpu": [
				"x64"
			],
			"dev": true,
			"license": "MIT",
			"optional": true,
			"os": [
				"linux"
			],
			"engines": {
				"node": "^20.19.0 || >=22.12.0"
			}
		},
		"node_modules/@oxfmt/binding-linux-x64-musl": {
			"version": "0.71.0",
			"resolved": "https://registry.npmjs.org/@oxfmt/binding-linux-x64-musl/-/binding-linux-x64-musl-0.71.0.tgz",
			"integrity": "sha512-uVdG2N/4GEbOeljpQ+xv+NeEwJWJGj0WaxSiSYnoiqIYy3RWrWd3rGUmxWXP1A8+ferNvvwFoDAtvgsDUvBuSw==",
			"cpu": [
				"x64"
			],
			"dev": true,
			"license": "MIT",
			"optional": true,
			"os": [
				"linux"
			],
			"engines": {
				"node": "^20.19.0 || >=22.12.0"
			}
		},
		"node_modules/@oxfmt/binding-openharmony-arm64": {
			"version": "0.71.0",
			"resolved": "https://registry.npmjs.org/@oxfmt/binding-openharmony-arm64/-/binding-openharmony-arm64-0.71.0.tgz",
			"integrity": "sha512-1LwEZmSDRFKeBaGd/Hgj2xI3SmgGFpF4YtgkSx0sTYdTiZfHWbcFvRIBjL1YiDNdQd9Khda3Ij8CoqBULjskDg==",
			"cpu": [
				"arm64"
			],
			"dev": true,
			"license": "MIT",
			"optional": true,
			"os": [
				"openharmony"
			],
			"engines": {
				"node": "^20.19.0 || >=22.12.0"
			}
		},
		"node_modules/@oxfmt/binding-win32-arm64-msvc": {
			"version": "0.71.0",
			"resolved": "https://registry.npmjs.org/@oxfmt/binding-win32-arm64-msvc/-/binding-win32-arm64-msvc-0.71.0.tgz",
			"integrity": "sha512-5tplmkeMXmza3PUptJQy25wCPJbIAg5g5r7zs+DI+7eEYOqbY+7roMdSH2zbDvv1Pb4oTDJ6NWYx9IRxBxXwhQ==",
			"cpu": [
				"arm64"
			],
			"dev": true,
			"license": "MIT",
			"optional": true,
			"os": [
				"win32"
			],
			"engines": {
				"node": "^20.19.0 || >=22.12.0"
			}
		},
		"node_modules/@oxfmt/binding-win32-ia32-msvc": {
			"version": "0.71.0",
			"resolved": "https://registry.npmjs.org/@oxfmt/binding-win32-ia32-msvc/-/binding-win32-ia32-msvc-0.71.0.tgz",
			"integrity": "sha512-T2LWgh3Vx4PYDjtcqRRGDyCsVxeF/VE5xTpUQiCm65bNLwMpRnJYj6Hlkf6qRM3+jxCIOqHD1kVHNQCCiAVMNQ==",
			"cpu": [
				"ia32"
			],
			"dev": true,
			"license": "MIT",
			"optional": true,
			"os": [
				"win32"
			],
			"engines": {
				"node": "^20.19.0 || >=22.12.0"
			}
		},
		"node_modules/@oxfmt/binding-win32-x64-msvc": {
			"version": "0.71.0",
			"resolved": "https://registry.npmjs.org/@oxfmt/binding-win32-x64-msvc/-/binding-win32-x64-msvc-0.71.0.tgz",
			"integrity": "sha512-L06SVp7Hu1EQTkh3+PHnKK26dxVbEpOG2InMwCooTE4MA437b5FgfTleCCiGn4ykISHnHU6UHaIg7SiMO7rBHA==",
			"cpu": [
				"x64"
			],
			"dev": true,
			"license": "MIT",
			"optional": true,
			"os": [
				"win32"
			],
			"engines": {
				"node": "^20.19.0 || >=22.12.0"
			}
		},
		"node_modules/boolbase": {
			"version": "2.0.0",
			"resolved": "https://registry.npmjs.org/boolbase/-/boolbase-2.0.0.tgz",
			"integrity": "sha512-DkVaaQHymRhpYEYo9x1oo7Q7B0Y6KJUsjm3c9eTyFDby4MHLBTwZ6ZDWBel5zrYxj1WsZgC5oLpiz+93MluXeA==",
			"dev": true,
			"license": "ISC",
			"engines": {
				"node": ">=20.19.0"
			},
			"funding": {
				"type": "github",
				"url": "https://github.com/sponsors/fb55"
			}
		},
		"node_modules/css-select": {
			"version": "7.0.0",
			"resolved": "https://registry.npmjs.org/css-select/-/css-select-7.0.0.tgz",
			"integrity": "sha512-snmjEVXy+1LnwXdxhYvTMj1d9tOh4HxkA1YmoayVBeeyR2C14Pum7fcxJIm4SswYspVy866eYNwlH6xC3/VH5g==",
			"dev": true,
			"license": "BSD-2-Clause",
			"dependencies": {
				"boolbase": "^2.0.0",
				"css-what": "^8.0.0",
				"domhandler": "^6.0.1",
				"domutils": "^4.0.2",
				"nth-check": "^3.0.1"
			},
			"engines": {
				"node": ">=20.19.0"
			},
			"funding": {
				"type": "github",
				"url": "https://github.com/sponsors/fb55"
			}
		},
		"node_modules/css-what": {
			"version": "8.0.0",
			"resolved": "https://registry.npmjs.org/css-what/-/css-what-8.0.0.tgz",
			"integrity": "sha512-DH0Bqq3DNp5tdOReuNyAA+Ev4Y2GS5FMbZpeTLP6C4CDi0h5nL0BmUPChXw3o/qbHLDWHl49sbNqQVY7bMSDdw==",
			"dev": true,
			"license": "BSD-2-Clause",
			"engines": {
				"node": ">=20.19.0"
			},
			"funding": {
				"type": "github",
				"url": "https://github.com/sponsors/fb55"
			}
		},
		"node_modules/cssom": {
			"version": "0.5.0",
			"resolved": "https://registry.npmjs.org/cssom/-/cssom-0.5.0.tgz",
			"integrity": "sha512-iKuQcq+NdHqlAcwUY0o/HL69XQrUaQdMjmStJ8JFmUaiiQErlhrmuigkg/CU4E2J0IyUKUrMAgl36TvN67MqTw==",
			"dev": true,
			"license": "MIT"
		},
		"node_modules/dom-serializer": {
			"version": "3.1.1",
			"resolved": "https://registry.npmjs.org/dom-serializer/-/dom-serializer-3.1.1.tgz",
			"integrity": "sha512-4MEa38/QexBob6gFNwu+EGdWvhJ1OKuNwdYY3Y3NyeWDQfnGeDYQUDfIRzWu5B5gsv03so2Uxd28YC6zrsx3Lw==",
			"dev": true,
			"license": "MIT",
			"dependencies": {
				"domelementtype": "^3.0.0",
				"domhandler": "^6.0.0",
				"entities": "^8.0.0"
			},
			"engines": {
				"node": ">=20.19.0"
			},
			"funding": {
				"type": "github",
				"url": "https://github.com/cheeriojs/dom-serializer?sponsor=1"
			}
		},
		"node_modules/domelementtype": {
			"version": "3.0.0",
			"resolved": "https://registry.npmjs.org/domelementtype/-/domelementtype-3.0.0.tgz",
			"integrity": "sha512-umCQid3jKbDmVjx8jGaW7uUykm4DEUeyV21hPxNMo2nV955DhUThwqyOIDtreepP31hl84X7G5U9ZfsWvIB3Pg==",
			"dev": true,
			"funding": [
				{
					"type": "github",
					"url": "https://github.com/sponsors/fb55"
				}
			],
			"license": "BSD-2-Clause",
			"engines": {
				"node": ">=20.19.0"
			}
		},
		"node_modules/domhandler": {
			"version": "6.0.1",
			"resolved": "https://registry.npmjs.org/domhandler/-/domhandler-6.0.1.tgz",
			"integrity": "sha512-gYzvtM72ZtxQO0T048kd6HWSbbGCNOUwcnfQ01cqIJ4X2IYKFFHZ5mKvrQETcFXxsRObZulDaKmy//R7TPtsBg==",
			"dev": true,
			"license": "BSD-2-Clause",
			"dependencies": {
				"domelementtype": "^3.0.0"
			},
			"engines": {
				"node": ">=20.19.0"
			},
			"funding": {
				"type": "github",
				"url": "https://github.com/fb55/domhandler?sponsor=1"
			}
		},
		"node_modules/domutils": {
			"version": "4.0.2",
			"resolved": "https://registry.npmjs.org/domutils/-/domutils-4.0.2.tgz",
			"integrity": "sha512-qI4JLRKnSzqFqr7hAlS5xQDusBCjKSEG4t4+7aNrIQMHBcsC2TGEhuyABJdYkgSewL57PNLYEiibY2iPKhKpaA==",
			"dev": true,
			"license": "BSD-2-Clause",
			"dependencies": {
				"dom-serializer": "^3.0.0",
				"domelementtype": "^3.0.0",
				"domhandler": "^6.0.0"
			},
			"engines": {
				"node": ">=20.19.0"
			},
			"funding": {
				"type": "github",
				"url": "https://github.com/fb55/domutils?sponsor=1"
			}
		},
		"node_modules/entities": {
			"version": "8.1.0",
			"resolved": "https://registry.npmjs.org/entities/-/entities-8.1.0.tgz",
			"integrity": "sha512-kxL7msIffSuh9aaFAMD7rxAIuTRMAHMeBtgHW2yUdWw732ZNh4MehkF2gdjvtdmikkaIP9bFDDJOPlsvm7avrA==",
			"dev": true,
			"license": "BSD-2-Clause",
			"engines": {
				"node": ">=20.19.0"
			},
			"funding": {
				"url": "https://github.com/fb55/entities?sponsor=1"
			}
		},
		"node_modules/html-escaper": {
			"version": "3.0.3",
			"resolved": "https://registry.npmjs.org/html-escaper/-/html-escaper-3.0.3.tgz",
			"integrity": "sha512-RuMffC89BOWQoY0WKGpIhn5gX3iI54O6nRA0yC124NYVtzjmFWBIiFd8M0x+ZdX0P9R4lADg1mgP8C7PxGOWuQ==",
			"dev": true,
			"license": "MIT"
		},
		"node_modules/htmlparser2": {
			"version": "10.1.0",
			"resolved": "https://registry.npmjs.org/htmlparser2/-/htmlparser2-10.1.0.tgz",
			"integrity": "sha512-VTZkM9GWRAtEpveh7MSF6SjjrpNVNNVJfFup7xTY3UpFtm67foy9HDVXneLtFVt4pMz5kZtgNcvCniNFb1hlEQ==",
			"dev": true,
			"funding": [
				"https://github.com/fb55/htmlparser2?sponsor=1",
				{
					"type": "github",
					"url": "https://github.com/sponsors/fb55"
				}
			],
			"license": "MIT",
			"dependencies": {
				"domelementtype": "^2.3.0",
				"domhandler": "^5.0.3",
				"domutils": "^3.2.2",
				"entities": "^7.0.1"
			}
		},
		"node_modules/htmlparser2/node_modules/dom-serializer": {
			"version": "2.0.0",
			"resolved": "https://registry.npmjs.org/dom-serializer/-/dom-serializer-2.0.0.tgz",
			"integrity": "sha512-wIkAryiqt/nV5EQKqQpo3SToSOV9J0DnbJqwK7Wv/Trc92zIAYZ4FlMu+JPFW1DfGFt81ZTCGgDEabffXeLyJg==",
			"dev": true,
			"license": "MIT",
			"dependencies": {
				"domelementtype": "^2.3.0",
				"domhandler": "^5.0.2",
				"entities": "^4.2.0"
			},
			"funding": {
				"url": "https://github.com/cheeriojs/dom-serializer?sponsor=1"
			}
		},
		"node_modules/htmlparser2/node_modules/dom-serializer/node_modules/entities": {
			"version": "4.5.0",
			"resolved": "https://registry.npmjs.org/entities/-/entities-4.5.0.tgz",
			"integrity": "sha512-V0hjH4dGPh9Ao5p0MoRY6BVqtwCjhz6vI5LT8AJ55H+4g9/4vbHx1I54fS0XuclLhDHArPQCiMjDxjaL8fPxhw==",
			"dev": true,
			"license": "BSD-2-Clause",
			"engines": {
				"node": ">=0.12"
			},
			"funding": {
				"url": "https://github.com/fb55/entities?sponsor=1"
			}
		},
		"node_modules/htmlparser2/node_modules/domelementtype": {
			"version": "2.3.0",
			"resolved": "https://registry.npmjs.org/domelementtype/-/domelementtype-2.3.0.tgz",
			"integrity": "sha512-OLETBj6w0OsagBwdXnPdN0cnMfF9opN69co+7ZrbfPGrdpPVNBUj02spi6B1N7wChLQiPn4CSH/zJvXw56gmHw==",
			"dev": true,
			"funding": [
				{
					"type": "github",
					"url": "https://github.com/sponsors/fb55"
				}
			],
			"license": "BSD-2-Clause"
		},
		"node_modules/htmlparser2/node_modules/domhandler": {
			"version": "5.0.3",
			"resolved": "https://registry.npmjs.org/domhandler/-/domhandler-5.0.3.tgz",
			"integrity": "sha512-cgwlv/1iFQiFnU96XXgROh8xTeetsnJiDsTc7TYCLFd9+/WNkIqPTxiM/8pSd8VIrhXGTf1Ny1q1hquVqDJB5w==",
			"dev": true,
			"license": "BSD-2-Clause",
			"dependencies": {
				"domelementtype": "^2.3.0"
			},
			"engines": {
				"node": ">= 4"
			},
			"funding": {
				"url": "https://github.com/fb55/domhandler?sponsor=1"
			}
		},
		"node_modules/htmlparser2/node_modules/domutils": {
			"version": "3.2.2",
			"resolved": "https://registry.npmjs.org/domutils/-/domutils-3.2.2.tgz",
			"integrity": "sha512-6kZKyUajlDuqlHKVX1w7gyslj9MPIXzIFiz/rGu35uC1wMi+kMhQwGhl4lt9unC9Vb9INnY9Z3/ZA3+FhASLaw==",
			"dev": true,
			"license": "BSD-2-Clause",
			"dependencies": {
				"dom-serializer": "^2.0.0",
				"domelementtype": "^2.3.0",
				"domhandler": "^5.0.3"
			},
			"funding": {
				"url": "https://github.com/fb55/domutils?sponsor=1"
			}
		},
		"node_modules/htmlparser2/node_modules/entities": {
			"version": "7.0.1",
			"resolved": "https://registry.npmjs.org/entities/-/entities-7.0.1.tgz",
			"integrity": "sha512-TWrgLOFUQTH994YUyl1yT4uyavY5nNB5muff+RtWaqNVCAK408b5ZnnbNAUEWLTCpum9w6arT70i1XdQ4UeOPA==",
			"dev": true,
			"license": "BSD-2-Clause",
			"engines": {
				"node": ">=0.12"
			},
			"funding": {
				"url": "https://github.com/fb55/entities?sponsor=1"
			}
		},
		"node_modules/jsesc": {
			"version": "3.1.0",
			"resolved": "https://registry.npmjs.org/jsesc/-/jsesc-3.1.0.tgz",
			"integrity": "sha512-/sM3dO2FOzXjKQhJuo0Q173wf2KOo8t4I8vHy6lF9poUp7bKT0/NHE8fPX23PwfhnykfqnC2xRxOnVw5XuGIaA==",
			"dev": true,
			"license": "MIT",
			"bin": {
				"jsesc": "bin/jsesc"
			},
			"engines": {
				"node": ">=6"
			}
		},
		"node_modules/linkedom": {
			"version": "0.18.13",
			"resolved": "https://registry.npmjs.org/linkedom/-/linkedom-0.18.13.tgz",
			"integrity": "sha512-ES/o9qotMpzpN2MHs+Iq/JcVoOj8Fa5wiQYrTdFpvAnwXL0g66XHHUc9WUMk6nAlBtGsFQ24ne+SYnvnaQ2FSw==",
			"dev": true,
			"license": "ISC",
			"dependencies": {
				"css-select": "^7.0.0",
				"cssom": "^0.5.0",
				"html-escaper": "^3.0.3",
				"htmlparser2": "^10.1.0",
				"uhyphen": "^0.2.0"
			},
			"engines": {
				"node": ">=16"
			},
			"peerDependencies": {
				"canvas": ">= 2"
			},
			"peerDependenciesMeta": {
				"canvas": {
					"optional": true
				}
			}
		},
		"node_modules/nth-check": {
			"version": "3.0.1",
			"resolved": "https://registry.npmjs.org/nth-check/-/nth-check-3.0.1.tgz",
			"integrity": "sha512-GX0gsdbGVCgnRgbeGaubfjpBXyYRWOOCVeYh08bSQvDZqxz5ndXs1OTfAt/h36G1xvI94YIspsI0sVFqAV9+RQ==",
			"dev": true,
			"license": "BSD-2-Clause",
			"dependencies": {
				"boolbase": "^2.0.0"
			},
			"engines": {
				"node": ">=20.19.0"
			},
			"funding": {
				"type": "github",
				"url": "https://github.com/fb55/nth-check?sponsor=1"
			}
		},
		"node_modules/oxfmt": {
			"version": "0.71.0",
			"resolved": "https://registry.npmjs.org/oxfmt/-/oxfmt-0.71.0.tgz",
			"integrity": "sha512-lUPUl0d/+Io5pDrsPXWs6rB4N/bpB78oj9CTDpnbulfDz+0r3XXcHPlQ7kRPJ2GjIT4nX+/mcqunOeP9BvsEtg==",
			"dev": true,
			"license": "MIT",
			"dependencies": {
				"tinypool": "2.2.0"
			},
			"bin": {
				"oxfmt": "bin/oxfmt"
			},
			"engines": {
				"node": "^20.19.0 || >=22.12.0"
			},
			"funding": {
				"url": "https://github.com/sponsors/oxc-project"
			},
			"optionalDependencies": {
				"@oxfmt/binding-android-arm-eabi": "0.71.0",
				"@oxfmt/binding-android-arm64": "0.71.0",
				"@oxfmt/binding-darwin-arm64": "0.71.0",
				"@oxfmt/binding-darwin-x64": "0.71.0",
				"@oxfmt/binding-freebsd-x64": "0.71.0",
				"@oxfmt/binding-linux-arm-gnueabihf": "0.71.0",
				"@oxfmt/binding-linux-arm-musleabihf": "0.71.0",
				"@oxfmt/binding-linux-arm64-gnu": "0.71.0",
				"@oxfmt/binding-linux-arm64-musl": "0.71.0",
				"@oxfmt/binding-linux-ppc64-gnu": "0.71.0",
				"@oxfmt/binding-linux-riscv64-gnu": "0.71.0",
				"@oxfmt/binding-linux-riscv64-musl": "0.71.0",
				"@oxfmt/binding-linux-s390x-gnu": "0.71.0",
				"@oxfmt/binding-linux-x64-gnu": "0.71.0",
				"@oxfmt/binding-linux-x64-musl": "0.71.0",
				"@oxfmt/binding-openharmony-arm64": "0.71.0",
				"@oxfmt/binding-win32-arm64-msvc": "0.71.0",
				"@oxfmt/binding-win32-ia32-msvc": "0.71.0",
				"@oxfmt/binding-win32-x64-msvc": "0.71.0"
			},
			"peerDependencies": {
				"svelte": "^5.0.0",
				"vite-plus": "*"
			},
			"peerDependenciesMeta": {
				"svelte": {
					"optional": true
				},
				"vite-plus": {
					"optional": true
				}
			}
		},
		"node_modules/regenerate": {
			"version": "1.4.2",
			"resolved": "https://registry.npmjs.org/regenerate/-/regenerate-1.4.2.tgz",
			"integrity": "sha512-zrceR/XhGYU/d/opr2EKO7aRHUeiBI8qjtfHqADTwZd6Szfy16la6kqD0MIUs5z5hx6AaKa+PixpPrR289+I0A==",
			"dev": true,
			"license": "MIT"
		},
		"node_modules/tinypool": {
			"version": "2.2.0",
			"resolved": "https://registry.npmjs.org/tinypool/-/tinypool-2.2.0.tgz",
			"integrity": "sha512-jBrmx4lYmaC9k/mgPbylxs7kBUxHtD8256up+HjLaDFfXScKJQyil+SWXSvhAtT7XHo+yTVlpB81PGmHP8oLSQ==",
			"dev": true,
			"license": "MIT",
			"engines": {
				"node": "^20.0.0 || >=22.0.0"
			}
		},
		"node_modules/uhyphen": {
			"version": "0.2.0",
			"resolved": "https://registry.npmjs.org/uhyphen/-/uhyphen-0.2.0.tgz",
			"integrity": "sha512-qz3o9CHXmJJPGBdqzab7qAYuW8kQGKNEuoHFYrBwV6hWIMcpAmxDLXojcHfFr9US1Pe6zUswEIJIbLI610fuqA==",
			"dev": true,
			"license": "ISC"
		}
	}
}
